
Microsoft Visual Studio Solution File, Format Version 12.00
# Visual Studio Version 16
VisualStudioVersion = 16.0.29920.165
MinimumVisualStudioVersion = 10.0.40219.1
Project("{9A19103F-16F7-4668-BE54-9A1E7A4F7556}") = "FundooNote", "FundooNote.csproj", "{C8F4E748-270A-4891-9D84-20E9A44E0FC3}"
EndProject
Project("{9A19103F-16F7-4668-BE54-9A1E7A4F7556}") = "Model", "..\Model\Model.csproj", "{A2610C0F-7A84-4337-87B7-EF5C7D02F09E}"
EndProject
Project("{9A19103F-16F7-4668-BE54-9A1E7A4F7556}") = "Repository", "..\Repository\Repository.csproj", "{410BA67B-CE86-4412-87C4-D6E9270FAEBE}"
EndProject
Project("{9A19103F-16F7-4668-BE54-9A1E7A4F7556}") = "Manager", "..\Manager\Manager.csproj", "{B4C3D3CA-EC04-400E-8017-FAEC0D78F93C}"
EndProject
Project("{FAE04EC0-301F-11D3-BF4B-00C04F79EFBC}") = "FundooNoteTesting", "..\FundooNoteTesting\FundooNoteTesting.csproj", "{D488C807-C68B-4A2B-9235-081B0A241A6A}"
EndProject
Global
	GlobalSection(SolutionConfigurationPlatforms) = preSolution
		Debug|Any CPU = Debug|Any CPU
		Release|Any CPU = Release|Any CPU
	EndGlobalSection
	GlobalSection(ProjectConfigurationPlatforms) = postSolution
		{C8F4E748-270A-4891-9D84-20E9A44E0FC3}.Debug|Any CPU.ActiveCfg = Debug|Any CPU
		{C8F4E748-270A-4891-9D84-20E9A44E0FC3}.Debug|Any CPU.Build.0 = Debug|Any CPU
		{C8F4E748-270A-4891-9D84-20E9A44E0FC3}.Release|Any CPU.ActiveCfg = Release|Any CPU
		{C8F4E748-270A-4891-9D84-20E9A44E0FC3}.Release|Any CPU.Build.0 = Release|Any CPU
		{A2610C0F-7A84-4337-87B7-EF5C7D02F09E}.Debug|Any CPU.ActiveCfg = Debug|Any CPU
		{A2610C0F-7A84-4337-87B7-EF5C7D02F09E}.Debug|Any CPU.Build.0 = Debug|Any CPU
		{A2610C0F-7A84-4337-87B7-EF5C7D02F09E}.Release|Any CPU.ActiveCfg = Release|Any CPU
		{A2610C0F-7A84-4337-87B7-EF5C7D02F09E}.Release|Any CPU.Build.0 = Release|Any CPU
		{410BA67B-CE86-4412-87C4-D6E9270FAEBE}.Debug|Any CPU.ActiveCfg = Debug|Any CPU
		{410BA67B-CE86-4412-87C4-D6E9270FAEBE}.Debug|Any CPU.Build.0 = Debug|Any CPU
		{410BA67B-CE86-4412-87C4-D6E9270FAEBE}.Release|Any CPU.ActiveCfg = Release|Any CPU
		{410BA67B-CE86-4412-87C4-D6E9270FAEBE}.Release|Any CPU.Build.0 = Release|Any CPU
		{B4C3D3CA-EC04-400E-8017-FAEC0D78F93C}.Debug|Any CPU.ActiveCfg = Debug|Any CPU
		{B4C3D3CA-EC04-400E-8017-FAEC0D78F93C}.Debug|Any CPU.Build.0 = Debug|Any CPU
		{B4C3D3CA-EC04-400E-8017-FAEC0D78F93C}.Release|Any CPU.ActiveCfg = Release|Any CPU
		{B4C3D3CA-EC04-400E-8017-FAEC0D78F93C}.Release|Any CPU.Build.0 = Release|Any CPU
		{D488C807-C68B-4A2B-9235-081B0A241A6A}.Debug|Any CPU.ActiveCfg = Debug|Any CPU
		{D488C807-C68B-4A2B-9235-081B0A241A6A}.Debug|Any CPU.Build.0 = Debug|Any CPU
		{D488C807-C68B-4A2B-9235-081B0A241A6A}.Release|Any CPU.ActiveCfg = Release|Any CPU
		{D488C807-C68B-4A2B-9235-081B0A241A6A}.Release|Any CPU.Build.0 = Release|Any CPU
	EndGlobalSection
	GlobalSection(SolutionProperties) = preSolution
		HideSolutionNode = FALSE
	EndGlobalSection
	GlobalSection(ExtensibilityGlobals) = postSolution
		SolutionGuid = {30AD1D8E-BFB2-45EB-8FE1-5ED48BAD650A}
	EndGlobalSection
EndGlobal
