
Microsoft Visual Studio Solution File, Format Version 12.00
# Visual Studio Version 16
VisualStudioVersion = 16.0.29920.165
MinimumVisualStudioVersion = 10.0.40219.1
Project("{9A19103F-16F7-4668-BE54-9A1E7A4F7556}") = "FundooNote", "FundooNote.csproj", "{C8F4E748-270A-4891-9D84-20E9A44E0FC3}"
EndProject
Project("{9A19103F-16F7-4668-BE54-9A1E7A4F7556}") = "Model", "..\Model\Model.csproj", "{CFE5AA8C-959C-4A91-AFB0-3340CAFEB41F}"
EndProject
Project("{9A19103F-16F7-4668-BE54-9A1E7A4F7556}") = "Repository", "..\Repository\Repository.csproj", "{79D27787-70D3-4F77-9DDA-BB1C09661931}"
EndProject
Global
	GlobalSection(SolutionConfigurationPlatforms) = preSolution
		Debug|Any CPU = Debug|Any CPU
		Release|Any CPU = Release|Any CPU
	EndGlobalSection
	GlobalSection(ProjectConfigurationPlatforms) = postSolution
		{C8F4E748-270A-4891-9D84-20E9A44E0FC3}.Debug|Any CPU.ActiveCfg = Debug|Any CPU
		{C8F4E748-270A-4891-9D84-20E9A44E0FC3}.Debug|Any CPU.Build.0 = Debug|Any CPU
		{C8F4E748-270A-4891-9D84-20E9A44E0FC3}.Release|Any CPU.ActiveCfg = Release|Any CPU
		{C8F4E748-270A-4891-9D84-20E9A44E0FC3}.Release|Any CPU.Build.0 = Release|Any CPU
		{CFE5AA8C-959C-4A91-AFB0-3340CAFEB41F}.Debug|Any CPU.ActiveCfg = Debug|Any CPU
		{CFE5AA8C-959C-4A91-AFB0-3340CAFEB41F}.Debug|Any CPU.Build.0 = Debug|Any CPU
		{CFE5AA8C-959C-4A91-AFB0-3340CAFEB41F}.Release|Any CPU.ActiveCfg = Release|Any CPU
		{CFE5AA8C-959C-4A91-AFB0-3340CAFEB41F}.Release|Any CPU.Build.0 = Release|Any CPU
		{79D27787-70D3-4F77-9DDA-BB1C09661931}.Debug|Any CPU.ActiveCfg = Debug|Any CPU
		{79D27787-70D3-4F77-9DDA-BB1C09661931}.Debug|Any CPU.Build.0 = Debug|Any CPU
		{79D27787-70D3-4F77-9DDA-BB1C09661931}.Release|Any CPU.ActiveCfg = Release|Any CPU
		{79D27787-70D3-4F77-9DDA-BB1C09661931}.Release|Any CPU.Build.0 = Release|Any CPU
	EndGlobalSection
	GlobalSection(SolutionProperties) = preSolution
		HideSolutionNode = FALSE
	EndGlobalSection
	GlobalSection(ExtensibilityGlobals) = postSolution
		SolutionGuid = {30AD1D8E-BFB2-45EB-8FE1-5ED48BAD650A}
	EndGlobalSection
EndGlobal
