
Microsoft Visual Studio Solution File, Format Version 12.00
# Visual Studio Version 16
VisualStudioVersion = 16.0.29411.108
MinimumVisualStudioVersion = 10.0.40219.1
Project("{9A19103F-16F7-4668-BE54-9A1E7A4F7556}") = "EmployeeManagementSystem", "EmployeeManagementSystem.csproj", "{BAA04710-22F0-4137-8A47-9E6DA4FC0368}"
EndProject
Global
	GlobalSection(SolutionConfigurationPlatforms) = preSolution
		Debug|Any CPU = Debug|Any CPU
		Release|Any CPU = Release|Any CPU
	EndGlobalSection
	GlobalSection(ProjectConfigurationPlatforms) = postSolution
		{BAA04710-22F0-4137-8A47-9E6DA4FC0368}.Debug|Any CPU.ActiveCfg = Debug|Any CPU
		{BAA04710-22F0-4137-8A47-9E6DA4FC0368}.Debug|Any CPU.Build.0 = Debug|Any CPU
		{BAA04710-22F0-4137-8A47-9E6DA4FC0368}.Release|Any CPU.ActiveCfg = Release|Any CPU
		{BAA04710-22F0-4137-8A47-9E6DA4FC0368}.Release|Any CPU.Build.0 = Release|Any CPU
	EndGlobalSection
	GlobalSection(SolutionProperties) = preSolution
		HideSolutionNode = FALSE
	EndGlobalSection
	GlobalSection(ExtensibilityGlobals) = postSolution
		SolutionGuid = {6C8D2BE5-F543-4ED6-A151-98E5126597AF}
	EndGlobalSection
EndGlobal
